// !$*UTF8*$!
{
	archiveVersion = 1;
	classes = {
	};
	objectVersion = 46;
	objects = {

/* Begin PBXBuildFile section */
		DC901A121F27B95D00B0F88C /* LoginGateVC.swift in Sources */ = {isa = PBXBuildFile; fileRef = DC901A111F27B95D00B0F88C /* LoginGateVC.swift */; };
		DC901A141F27C41200B0F88C /* LoginVC.swift in Sources */ = {isa = PBXBuildFile; fileRef = DC901A131F27C41200B0F88C /* LoginVC.swift */; };
		DCD129751F114B3F0027DE10 /* AppDelegate.swift in Sources */ = {isa = PBXBuildFile; fileRef = DCD129741F114B3F0027DE10 /* AppDelegate.swift */; };
		DCD129771F114B3F0027DE10 /* ViewController.swift in Sources */ = {isa = PBXBuildFile; fileRef = DCD129761F114B3F0027DE10 /* ViewController.swift */; };
		DCD1297A1F114B3F0027DE10 /* Main.storyboard in Resources */ = {isa = PBXBuildFile; fileRef = DCD129781F114B3F0027DE10 /* Main.storyboard */; };
		DCD1297C1F114B3F0027DE10 /* Assets.xcassets in Resources */ = {isa = PBXBuildFile; fileRef = DCD1297B1F114B3F0027DE10 /* Assets.xcassets */; };
		DCD1297F1F114B3F0027DE10 /* LaunchScreen.storyboard in Resources */ = {isa = PBXBuildFile; fileRef = DCD1297D1F114B3F0027DE10 /* LaunchScreen.storyboard */; };
		DCD1298A1F114B3F0027DE10 /* _ndTryPVCTests.swift in Sources */ = {isa = PBXBuildFile; fileRef = DCD129891F114B3F0027DE10 /* _ndTryPVCTests.swift */; };
		DCD129951F114B3F0027DE10 /* _ndTryPVCUITests.swift in Sources */ = {isa = PBXBuildFile; fileRef = DCD129941F114B3F0027DE10 /* _ndTryPVCUITests.swift */; };
		DCD129A31F114E700027DE10 /* PageViewController.swift in Sources */ = {isa = PBXBuildFile; fileRef = DCD129A21F114E700027DE10 /* PageViewController.swift */; };
/* End PBXBuildFile section */

/* Begin PBXContainerItemProxy section */
		DCD129861F114B3F0027DE10 /* PBXContainerItemProxy */ = {
			isa = PBXContainerItemProxy;
			containerPortal = DCD129691F114B3F0027DE10 /* Project object */;
			proxyType = 1;
			remoteGlobalIDString = DCD129701F114B3F0027DE10;
			remoteInfo = 2ndTryPVC;
		};
		DCD129911F114B3F0027DE10 /* PBXContainerItemProxy */ = {
			isa = PBXContainerItemProxy;
			containerPortal = DCD129691F114B3F0027DE10 /* Project object */;
			proxyType = 1;
			remoteGlobalIDString = DCD129701F114B3F0027DE10;
			remoteInfo = 2ndTryPVC;
		};
/* End PBXContainerItemProxy section */

/* Begin PBXFileReference section */
		DC901A111F27B95D00B0F88C /* LoginGateVC.swift */ = {isa = PBXFileReference; fileEncoding = 4; lastKnownFileType = sourcecode.swift; path = LoginGateVC.swift; sourceTree = "<group>"; };
		DC901A131F27C41200B0F88C /* LoginVC.swift */ = {isa = PBXFileReference; fileEncoding = 4; lastKnownFileType = sourcecode.swift; path = LoginVC.swift; sourceTree = "<group>"; };
		DCD129711F114B3F0027DE10 /* 2ndTryPVC.app */ = {isa = PBXFileReference; explicitFileType = wrapper.application; includeInIndex = 0; path = 2ndTryPVC.app; sourceTree = BUILT_PRODUCTS_DIR; };
		DCD129741F114B3F0027DE10 /* AppDelegate.swift */ = {isa = PBXFileReference; lastKnownFileType = sourcecode.swift; path = AppDelegate.swift; sourceTree = "<group>"; };
		DCD129761F114B3F0027DE10 /* ViewController.swift */ = {isa = PBXFileReference; lastKnownFileType = sourcecode.swift; path = ViewController.swift; sourceTree = "<group>"; };
		DCD129791F114B3F0027DE10 /* Base */ = {isa = PBXFileReference; lastKnownFileType = file.storyboard; name = Base; path = Base.lproj/Main.storyboard; sourceTree = "<group>"; };
		DCD1297B1F114B3F0027DE10 /* Assets.xcassets */ = {isa = PBXFileReference; lastKnownFileType = folder.assetcatalog; path = Assets.xcassets; sourceTree = "<group>"; };
		DCD1297E1F114B3F0027DE10 /* Base */ = {isa = PBXFileReference; lastKnownFileType = file.storyboard; name = Base; path = Base.lproj/LaunchScreen.storyboard; sourceTree = "<group>"; };
		DCD129801F114B3F0027DE10 /* Info.plist */ = {isa = PBXFileReference; lastKnownFileType = text.plist.xml; path = Info.plist; sourceTree = "<group>"; };
		DCD129851F114B3F0027DE10 /* 2ndTryPVCTests.xctest */ = {isa = PBXFileReference; explicitFileType = wrapper.cfbundle; includeInIndex = 0; path = 2ndTryPVCTests.xctest; sourceTree = BUILT_PRODUCTS_DIR; };
		DCD129891F114B3F0027DE10 /* _ndTryPVCTests.swift */ = {isa = PBXFileReference; lastKnownFileType = sourcecode.swift; path = _ndTryPVCTests.swift; sourceTree = "<group>"; };
		DCD1298B1F114B3F0027DE10 /* Info.plist */ = {isa = PBXFileReference; lastKnownFileType = text.plist.xml; path = Info.plist; sourceTree = "<group>"; };
		DCD129901F114B3F0027DE10 /* 2ndTryPVCUITests.xctest */ = {isa = PBXFileReference; explicitFileType = wrapper.cfbundle; includeInIndex = 0; path = 2ndTryPVCUITests.xctest; sourceTree = BUILT_PRODUCTS_DIR; };
		DCD129941F114B3F0027DE10 /* _ndTryPVCUITests.swift */ = {isa = PBXFileReference; lastKnownFileType = sourcecode.swift; path = _ndTryPVCUITests.swift; sourceTree = "<group>"; };
		DCD129961F114B3F0027DE10 /* Info.plist */ = {isa = PBXFileReference; lastKnownFileType = text.plist.xml; path = Info.plist; sourceTree = "<group>"; };
		DCD129A21F114E700027DE10 /* PageViewController.swift */ = {isa = PBXFileReference; fileEncoding = 4; lastKnownFileType = sourcecode.swift; path = PageViewController.swift; sourceTree = "<group>"; };
/* End PBXFileReference section */

/* Begin PBXFrameworksBuildPhase section */
		DCD1296E1F114B3F0027DE10 /* Frameworks */ = {
			isa = PBXFrameworksBuildPhase;
			buildActionMask = 2147483647;
			files = (
			);
			runOnlyForDeploymentPostprocessing = 0;
		};
		DCD129821F114B3F0027DE10 /* Frameworks */ = {
			isa = PBXFrameworksBuildPhase;
			buildActionMask = 2147483647;
			files = (
			);
			runOnlyForDeploymentPostprocessing = 0;
		};
		DCD1298D1F114B3F0027DE10 /* Frameworks */ = {
			isa = PBXFrameworksBuildPhase;
			buildActionMask = 2147483647;
			files = (
			);
			runOnlyForDeploymentPostprocessing = 0;
		};
/* End PBXFrameworksBuildPhase section */

/* Begin PBXGroup section */
		DCD129681F114B3F0027DE10 = {
			isa = PBXGroup;
			children = (
				DCD129731F114B3F0027DE10 /* 2ndTryPVC */,
				DCD129881F114B3F0027DE10 /* 2ndTryPVCTests */,
				DCD129931F114B3F0027DE10 /* 2ndTryPVCUITests */,
				DCD129721F114B3F0027DE10 /* Products */,
			);
			sourceTree = "<group>";
		};
		DCD129721F114B3F0027DE10 /* Products */ = {
			isa = PBXGroup;
			children = (
				DCD129711F114B3F0027DE10 /* 2ndTryPVC.app */,
				DCD129851F114B3F0027DE10 /* 2ndTryPVCTests.xctest */,
				DCD129901F114B3F0027DE10 /* 2ndTryPVCUITests.xctest */,
			);
			name = Products;
			sourceTree = "<group>";
		};
		DCD129731F114B3F0027DE10 /* 2ndTryPVC */ = {
			isa = PBXGroup;
			children = (
				DCD129741F114B3F0027DE10 /* AppDelegate.swift */,
				DCD129761F114B3F0027DE10 /* ViewController.swift */,
				DCD129A21F114E700027DE10 /* PageViewController.swift */,
				DC901A111F27B95D00B0F88C /* LoginGateVC.swift */,
				DC901A131F27C41200B0F88C /* LoginVC.swift */,
				DCD129781F114B3F0027DE10 /* Main.storyboard */,
				DCD1297B1F114B3F0027DE10 /* Assets.xcassets */,
				DCD1297D1F114B3F0027DE10 /* LaunchScreen.storyboard */,
				DCD129801F114B3F0027DE10 /* Info.plist */,
			);
			path = 2ndTryPVC;
			sourceTree = "<group>";
		};
		DCD129881F114B3F0027DE10 /* 2ndTryPVCTests */ = {
			isa = PBXGroup;
			children = (
				DCD129891F114B3F0027DE10 /* _ndTryPVCTests.swift */,
				DCD1298B1F114B3F0027DE10 /* Info.plist */,
			);
			path = 2ndTryPVCTests;
			sourceTree = "<group>";
		};
		DCD129931F114B3F0027DE10 /* 2ndTryPVCUITests */ = {
			isa = PBXGroup;
			children = (
				DCD129941F114B3F0027DE10 /* _ndTryPVCUITests.swift */,
				DCD129961F114B3F0027DE10 /* Info.plist */,
			);
			path = 2ndTryPVCUITests;
			sourceTree = "<group>";
		};
/* End PBXGroup section */

/* Begin PBXNativeTarget section */
		DCD129701F114B3F0027DE10 /* 2ndTryPVC */ = {
			isa = PBXNativeTarget;
			buildConfigurationList = DCD129991F114B3F0027DE10 /* Build configuration list for PBXNativeTarget "2ndTryPVC" */;
			buildPhases = (
				DCD1296D1F114B3F0027DE10 /* Sources */,
				DCD1296E1F114B3F0027DE10 /* Frameworks */,
				DCD1296F1F114B3F0027DE10 /* Resources */,
			);
			buildRules = (
			);
			dependencies = (
			);
			name = 2ndTryPVC;
			productName = 2ndTryPVC;
			productReference = DCD129711F114B3F0027DE10 /* 2ndTryPVC.app */;
			productType = "com.apple.product-type.application";
		};
		DCD129841F114B3F0027DE10 /* 2ndTryPVCTests */ = {
			isa = PBXNativeTarget;
			buildConfigurationList = DCD1299C1F114B3F0027DE10 /* Build configuration list for PBXNativeTarget "2ndTryPVCTests" */;
			buildPhases = (
				DCD129811F114B3F0027DE10 /* Sources */,
				DCD129821F114B3F0027DE10 /* Frameworks */,
				DCD129831F114B3F0027DE10 /* Resources */,
			);
			buildRules = (
			);
			dependencies = (
				DCD129871F114B3F0027DE10 /* PBXTargetDependency */,
			);
			name = 2ndTryPVCTests;
			productName = 2ndTryPVCTests;
			productReference = DCD129851F114B3F0027DE10 /* 2ndTryPVCTests.xctest */;
			productType = "com.apple.product-type.bundle.unit-test";
		};
		DCD1298F1F114B3F0027DE10 /* 2ndTryPVCUITests */ = {
			isa = PBXNativeTarget;
			buildConfigurationList = DCD1299F1F114B3F0027DE10 /* Build configuration list for PBXNativeTarget "2ndTryPVCUITests" */;
			buildPhases = (
				DCD1298C1F114B3F0027DE10 /* Sources */,
				DCD1298D1F114B3F0027DE10 /* Frameworks */,
				DCD1298E1F114B3F0027DE10 /* Resources */,
			);
			buildRules = (
			);
			dependencies = (
				DCD129921F114B3F0027DE10 /* PBXTargetDependency */,
			);
			name = 2ndTryPVCUITests;
			productName = 2ndTryPVCUITests;
			productReference = DCD129901F114B3F0027DE10 /* 2ndTryPVCUITests.xctest */;
			productType = "com.apple.product-type.bundle.ui-testing";
		};
/* End PBXNativeTarget section */

/* Begin PBXProject section */
		DCD129691F114B3F0027DE10 /* Project object */ = {
			isa = PBXProject;
			attributes = {
				LastSwiftUpdateCheck = 0830;
				LastUpgradeCheck = 0830;
				ORGANIZATIONNAME = "Nathaniel Kristopher Blanquel";
				TargetAttributes = {
					DCD129701F114B3F0027DE10 = {
						CreatedOnToolsVersion = 8.3.3;
						DevelopmentTeam = SXGB3KDJ6W;
						ProvisioningStyle = Automatic;
					};
					DCD129841F114B3F0027DE10 = {
						CreatedOnToolsVersion = 8.3.3;
						DevelopmentTeam = FX9VVW72ER;
						ProvisioningStyle = Automatic;
						TestTargetID = DCD129701F114B3F0027DE10;
					};
					DCD1298F1F114B3F0027DE10 = {
						CreatedOnToolsVersion = 8.3.3;
						DevelopmentTeam = FX9VVW72ER;
						ProvisioningStyle = Automatic;
						TestTargetID = DCD129701F114B3F0027DE10;
					};
				};
			};
			buildConfigurationList = DCD1296C1F114B3F0027DE10 /* Build configuration list for PBXProject "2ndTryPVC" */;
			compatibilityVersion = "Xcode 3.2";
			developmentRegion = English;
			hasScannedForEncodings = 0;
			knownRegions = (
				en,
				Base,
			);
			mainGroup = DCD129681F114B3F0027DE10;
			productRefGroup = DCD129721F114B3F0027DE10 /* Products */;
			projectDirPath = "";
			projectRoot = "";
			targets = (
				DCD129701F114B3F0027DE10 /* 2ndTryPVC */,
				DCD129841F114B3F0027DE10 /* 2ndTryPVCTests */,
				DCD1298F1F114B3F0027DE10 /* 2ndTryPVCUITests */,
			);
		};
/* End PBXProject section */

/* Begin PBXResourcesBuildPhase section */
		DCD1296F1F114B3F0027DE10 /* Resources */ = {
			isa = PBXResourcesBuildPhase;
			buildActionMask = 2147483647;
			files = (
				DCD1297F1F114B3F0027DE10 /* LaunchScreen.storyboard in Resources */,
				DCD1297C1F114B3F0027DE10 /* Assets.xcassets in Resources */,
				DCD1297A1F114B3F0027DE10 /* Main.storyboard in Resources */,
			);
			runOnlyForDeploymentPostprocessing = 0;
		};
		DCD129831F114B3F0027DE10 /* Resources */ = {
			isa = PBXResourcesBuildPhase;
			buildActionMask = 2147483647;
			files = (
			);
			runOnlyForDeploymentPostprocessing = 0;
		};
		DCD1298E1F114B3F0027DE10 /* Resources */ = {
			isa = PBXResourcesBuildPhase;
			buildActionMask = 2147483647;
			files = (
			);
			runOnlyForDeploymentPostprocessing = 0;
		};
/* End PBXResourcesBuildPhase section */

/* Begin PBXSourcesBuildPhase section */
		DCD1296D1F114B3F0027DE10 /* Sources */ = {
			isa = PBXSourcesBuildPhase;
			buildActionMask = 2147483647;
			files = (
				DCD129A31F114E700027DE10 /* PageViewController.swift in Sources */,
				DCD129771F114B3F0027DE10 /* ViewController.swift in Sources */,
				DC901A121F27B95D00B0F88C /* LoginGateVC.swift in Sources */,
				DCD129751F114B3F0027DE10 /* AppDelegate.swift in Sources */,
				DC901A141F27C41200B0F88C /* LoginVC.swift in Sources */,
			);
			runOnlyForDeploymentPostprocessing = 0;
		};
		DCD129811F114B3F0027DE10 /* Sources */ = {
			isa = PBXSourcesBuildPhase;
			buildActionMask = 2147483647;
			files = (
				DCD1298A1F114B3F0027DE10 /* _ndTryPVCTests.swift in Sources */,
			);
			runOnlyForDeploymentPostprocessing = 0;
		};
		DCD1298C1F114B3F0027DE10 /* Sources */ = {
			isa = PBXSourcesBuildPhase;
			buildActionMask = 2147483647;
			files = (
				DCD129951F114B3F0027DE10 /* _ndTryPVCUITests.swift in Sources */,
			);
			runOnlyForDeploymentPostprocessing = 0;
		};
/* End PBXSourcesBuildPhase section */

/* Begin PBXTargetDependency section */
		DCD129871F114B3F0027DE10 /* PBXTargetDependency */ = {
			isa = PBXTargetDependency;
			target = DCD129701F114B3F0027DE10 /* 2ndTryPVC */;
			targetProxy = DCD129861F114B3F0027DE10 /* PBXContainerItemProxy */;
		};
		DCD129921F114B3F0027DE10 /* PBXTargetDependency */ = {
			isa = PBXTargetDependency;
			target = DCD129701F114B3F0027DE10 /* 2ndTryPVC */;
			targetProxy = DCD129911F114B3F0027DE10 /* PBXContainerItemProxy */;
		};
/* End PBXTargetDependency section */

/* Begin PBXVariantGroup section */
		DCD129781F114B3F0027DE10 /* Main.storyboard */ = {
			isa = PBXVariantGroup;
			children = (
				DCD129791F114B3F0027DE10 /* Base */,
			);
			name = Main.storyboard;
			sourceTree = "<group>";
		};
		DCD1297D1F114B3F0027DE10 /* LaunchScreen.storyboard */ = {
			isa = PBXVariantGroup;
			children = (
				DCD1297E1F114B3F0027DE10 /* Base */,
			);
			name = LaunchScreen.storyboard;
			sourceTree = "<group>";
		};
/* End PBXVariantGroup section */

/* Begin XCBuildConfiguration section */
		DCD129971F114B3F0027DE10 /* Debug */ = {
			isa = XCBuildConfiguration;
			buildSettings = {
				ALWAYS_SEARCH_USER_PATHS = NO;
				CLANG_ANALYZER_NONNULL = YES;
				CLANG_ANALYZER_NUMBER_OBJECT_CONVERSION = YES_AGGRESSIVE;
				CLANG_CXX_LANGUAGE_STANDARD = "gnu++0x";
				CLANG_CXX_LIBRARY = "libc++";
				CLANG_ENABLE_MODULES = YES;
				CLANG_ENABLE_OBJC_ARC = YES;
				CLANG_WARN_BOOL_CONVERSION = YES;
				CLANG_WARN_CONSTANT_CONVERSION = YES;
				CLANG_WARN_DIRECT_OBJC_ISA_USAGE = YES_ERROR;
				CLANG_WARN_DOCUMENTATION_COMMENTS = YES;
				CLANG_WARN_EMPTY_BODY = YES;
				CLANG_WARN_ENUM_CONVERSION = YES;
				CLANG_WARN_INFINITE_RECURSION = YES;
				CLANG_WARN_INT_CONVERSION = YES;
				CLANG_WARN_OBJC_ROOT_CLASS = YES_ERROR;
				CLANG_WARN_SUSPICIOUS_MOVE = YES;
				CLANG_WARN_UNREACHABLE_CODE = YES;
				CLANG_WARN__DUPLICATE_METHOD_MATCH = YES;
				"CODE_SIGN_IDENTITY[sdk=iphoneos*]" = "iPhone Developer";
				COPY_PHASE_STRIP = NO;
				DEBUG_INFORMATION_FORMAT = dwarf;
				ENABLE_STRICT_OBJC_MSGSEND = YES;
				ENABLE_TESTABILITY = YES;
				GCC_C_LANGUAGE_STANDARD = gnu99;
				GCC_DYNAMIC_NO_PIC = NO;
				GCC_NO_COMMON_BLOCKS = YES;
				GCC_OPTIMIZATION_LEVEL = 0;
				GCC_PREPROCESSOR_DEFINITIONS = (
					"DEBUG=1",
					"$(inherited)",
				);
				GCC_WARN_64_TO_32_BIT_CONVERSION = YES;
				GCC_WARN_ABOUT_RETURN_TYPE = YES_ERROR;
				GCC_WARN_UNDECLARED_SELECTOR = YES;
				GCC_WARN_UNINITIALIZED_AUTOS = YES_AGGRESSIVE;
				GCC_WARN_UNUSED_FUNCTION = YES;
				GCC_WARN_UNUSED_VARIABLE = YES;
				IPHONEOS_DEPLOYMENT_TARGET = 10.3;
				MTL_ENABLE_DEBUG_INFO = YES;
				ONLY_ACTIVE_ARCH = YES;
				SDKROOT = iphoneos;
				SWIFT_ACTIVE_COMPILATION_CONDITIONS = DEBUG;
				SWIFT_OPTIMIZATION_LEVEL = "-Onone";
				TARGETED_DEVICE_FAMILY = "1,2";
			};
			name = Debug;
		};
		DCD129981F114B3F0027DE10 /* Release */ = {
			isa = XCBuildConfiguration;
			buildSettings = {
				ALWAYS_SEARCH_USER_PATHS = NO;
				CLANG_ANALYZER_NONNULL = YES;
				CLANG_ANALYZER_NUMBER_OBJECT_CONVERSION = YES_AGGRESSIVE;
				CLANG_CXX_LANGUAGE_STANDARD = "gnu++0x";
				CLANG_CXX_LIBRARY = "libc++";
				CLANG_ENABLE_MODULES = YES;
				CLANG_ENABLE_OBJC_ARC = YES;
				CLANG_WARN_BOOL_CONVERSION = YES;
				CLANG_WARN_CONSTANT_CONVERSION = YES;
				CLANG_WARN_DIRECT_OBJC_ISA_USAGE = YES_ERROR;
				CLANG_WARN_DOCUMENTATION_COMMENTS = YES;
				CLANG_WARN_EMPTY_BODY = YES;
				CLANG_WARN_ENUM_CONVERSION = YES;
				CLANG_WARN_INFINITE_RECURSION = YES;
				CLANG_WARN_INT_CONVERSION = YES;
				CLANG_WARN_OBJC_ROOT_CLASS = YES_ERROR;
				CLANG_WARN_SUSPICIOUS_MOVE = YES;
				CLANG_WARN_UNREACHABLE_CODE = YES;
				CLANG_WARN__DUPLICATE_METHOD_MATCH = YES;
				"CODE_SIGN_IDENTITY[sdk=iphoneos*]" = "iPhone Developer";
				COPY_PHASE_STRIP = NO;
				DEBUG_INFORMATION_FORMAT = "dwarf-with-dsym";
				ENABLE_NS_ASSERTIONS = NO;
				ENABLE_STRICT_OBJC_MSGSEND = YES;
				GCC_C_LANGUAGE_STANDARD = gnu99;
				GCC_NO_COMMON_BLOCKS = YES;
				GCC_WARN_64_TO_32_BIT_CONVERSION = YES;
				GCC_WARN_ABOUT_RETURN_TYPE = YES_ERROR;
				GCC_WARN_UNDECLARED_SELECTOR = YES;
				GCC_WARN_UNINITIALIZED_AUTOS = YES_AGGRESSIVE;
				GCC_WARN_UNUSED_FUNCTION = YES;
				GCC_WARN_UNUSED_VARIABLE = YES;
				IPHONEOS_DEPLOYMENT_TARGET = 10.3;
				MTL_ENABLE_DEBUG_INFO = NO;
				SDKROOT = iphoneos;
				SWIFT_OPTIMIZATION_LEVEL = "-Owholemodule";
				TARGETED_DEVICE_FAMILY = "1,2";
				VALIDATE_PRODUCT = YES;
			};
			name = Release;
		};
		DCD1299A1F114B3F0027DE10 /* Debug */ = {
			isa = XCBuildConfiguration;
			buildSettings = {
				ASSETCATALOG_COMPILER_APPICON_NAME = AppIcon;
				DEVELOPMENT_TEAM = SXGB3KDJ6W;
				INFOPLIST_FILE = 2ndTryPVC/Info.plist;
				LD_RUNPATH_SEARCH_PATHS = "$(inherited) @executable_path/Frameworks";
				PRODUCT_BUNDLE_IDENTIFIER = "NKB.-ndTryPVC";
				PRODUCT_NAME = "$(TARGET_NAME)";
				SWIFT_VERSION = 3.0;
			};
			name = Debug;
		};
		DCD1299B1F114B3F0027DE10 /* Release */ = {
			isa = XCBuildConfiguration;
			buildSettings = {
				ASSETCATALOG_COMPILER_APPICON_NAME = AppIcon;
				DEVELOPMENT_TEAM = SXGB3KDJ6W;
				INFOPLIST_FILE = 2ndTryPVC/Info.plist;
				LD_RUNPATH_SEARCH_PATHS = "$(inherited) @executable_path/Frameworks";
				PRODUCT_BUNDLE_IDENTIFIER = "NKB.-ndTryPVC";
				PRODUCT_NAME = "$(TARGET_NAME)";
				SWIFT_VERSION = 3.0;
			};
			name = Release;
		};
		DCD1299D1F114B3F0027DE10 /* Debug */ = {
			isa = XCBuildConfiguration;
			buildSettings = {
				ALWAYS_EMBED_SWIFT_STANDARD_LIBRARIES = YES;
				BUNDLE_LOADER = "$(TEST_HOST)";
				DEVELOPMENT_TEAM = FX9VVW72ER;
				INFOPLIST_FILE = 2ndTryPVCTests/Info.plist;
				LD_RUNPATH_SEARCH_PATHS = "$(inherited) @executable_path/Frameworks @loader_path/Frameworks";
				PRODUCT_BUNDLE_IDENTIFIER = "NKB.-ndTryPVCTests";
				PRODUCT_NAME = "$(TARGET_NAME)";
				SWIFT_VERSION = 3.0;
				TEST_HOST = "$(BUILT_PRODUCTS_DIR)/2ndTryPVC.app/2ndTryPVC";
			};
			name = Debug;
		};
		DCD1299E1F114B3F0027DE10 /* Release */ = {
			isa = XCBuildConfiguration;
			buildSettings = {
				ALWAYS_EMBED_SWIFT_STANDARD_LIBRARIES = YES;
				BUNDLE_LOADER = "$(TEST_HOST)";
				DEVELOPMENT_TEAM = FX9VVW72ER;
				INFOPLIST_FILE = 2ndTryPVCTests/Info.plist;
				LD_RUNPATH_SEARCH_PATHS = "$(inherited) @executable_path/Frameworks @loader_path/Frameworks";
				PRODUCT_BUNDLE_IDENTIFIER = "NKB.-ndTryPVCTests";
				PRODUCT_NAME = "$(TARGET_NAME)";
				SWIFT_VERSION = 3.0;
				TEST_HOST = "$(BUILT_PRODUCTS_DIR)/2ndTryPVC.app/2ndTryPVC";
			};
			name = Release;
		};
		DCD129A01F114B3F0027DE10 /* Debug */ = {
			isa = XCBuildConfiguration;
			buildSettings = {
				ALWAYS_EMBED_SWIFT_STANDARD_LIBRARIES = YES;
				DEVELOPMENT_TEAM = FX9VVW72ER;
				INFOPLIST_FILE = 2ndTryPVCUITests/Info.plist;
				LD_RUNPATH_SEARCH_PATHS = "$(inherited) @executable_path/Frameworks @loader_path/Frameworks";
				PRODUCT_BUNDLE_IDENTIFIER = "NKB.-ndTryPVCUITests";
				PRODUCT_NAME = "$(TARGET_NAME)";
				SWIFT_VERSION = 3.0;
				TEST_TARGET_NAME = 2ndTryPVC;
			};
			name = Debug;
		};
		DCD129A11F114B3F0027DE10 /* Release */ = {
			isa = XCBuildConfiguration;
			buildSettings = {
				ALWAYS_EMBED_SWIFT_STANDARD_LIBRARIES = YES;
				DEVELOPMENT_TEAM = FX9VVW72ER;
				INFOPLIST_FILE = 2ndTryPVCUITests/Info.plist;
				LD_RUNPATH_SEARCH_PATHS = "$(inherited) @executable_path/Frameworks @loader_path/Frameworks";
				PRODUCT_BUNDLE_IDENTIFIER = "NKB.-ndTryPVCUITests";
				PRODUCT_NAME = "$(TARGET_NAME)";
				SWIFT_VERSION = 3.0;
				TEST_TARGET_NAME = 2ndTryPVC;
			};
			name = Release;
		};
/* End XCBuildConfiguration section */

/* Begin XCConfigurationList section */
		DCD1296C1F114B3F0027DE10 /* Build configuration list for PBXProject "2ndTryPVC" */ = {
			isa = XCConfigurationList;
			buildConfigurations = (
				DCD129971F114B3F0027DE10 /* Debug */,
				DCD129981F114B3F0027DE10 /* Release */,
			);
			defaultConfigurationIsVisible = 0;
			defaultConfigurationName = Release;
		};
		DCD129991F114B3F0027DE10 /* Build configuration list for PBXNativeTarget "2ndTryPVC" */ = {
			isa = XCConfigurationList;
			buildConfigurations = (
				DCD1299A1F114B3F0027DE10 /* Debug */,
				DCD1299B1F114B3F0027DE10 /* Release */,
			);
			defaultConfigurationIsVisible = 0;
			defaultConfigurationName = Release;
		};
		DCD1299C1F114B3F0027DE10 /* Build configuration list for PBXNativeTarget "2ndTryPVCTests" */ = {
			isa = XCConfigurationList;
			buildConfigurations = (
				DCD1299D1F114B3F0027DE10 /* Debug */,
				DCD1299E1F114B3F0027DE10 /* Release */,
			);
			defaultConfigurationIsVisible = 0;
			defaultConfigurationName = Release;
		};
		DCD1299F1F114B3F0027DE10 /* Build configuration list for PBXNativeTarget "2ndTryPVCUITests" */ = {
			isa = XCConfigurationList;
			buildConfigurations = (
				DCD129A01F114B3F0027DE10 /* Debug */,
				DCD129A11F114B3F0027DE10 /* Release */,
			);
			defaultConfigurationIsVisible = 0;
			defaultConfigurationName = Release;
		};
/* End XCConfigurationList section */
	};
	rootObject = DCD129691F114B3F0027DE10 /* Project object */;
}
